
Microsoft Visual Studio Solution File, Format Version 12.00
# Visual Studio Version 17
VisualStudioVersion = 17.13.35919.96
MinimumVisualStudioVersion = 10.0.40219.1
Project("{FAE04EC0-301F-11D3-BF4B-00C04F79EFBC}") = "CarConnectApp", "CarConnectApp\CarConnectApp.csproj", "{0286DE43-CCFA-4042-88A9-3035379A92B4}"
EndProject
Project("{FAE04EC0-301F-11D3-BF4B-00C04F79EFBC}") = "CarConnectTests", "CarConnectTests\CarConnectTests.csproj", "{C0265766-9CBA-45F2-BDC7-5D061048695E}"
EndProject
Global
	GlobalSection(SolutionConfigurationPlatforms) = preSolution
		Debug|Any CPU = Debug|Any CPU
		Release|Any CPU = Release|Any CPU
	EndGlobalSection
	GlobalSection(ProjectConfigurationPlatforms) = postSolution
		{0286DE43-CCFA-4042-88A9-3035379A92B4}.Debug|Any CPU.ActiveCfg = Debug|Any CPU
		{0286DE43-CCFA-4042-88A9-3035379A92B4}.Debug|Any CPU.Build.0 = Debug|Any CPU
		{0286DE43-CCFA-4042-88A9-3035379A92B4}.Release|Any CPU.ActiveCfg = Release|Any CPU
		{0286DE43-CCFA-4042-88A9-3035379A92B4}.Release|Any CPU.Build.0 = Release|Any CPU
		{C0265766-9CBA-45F2-BDC7-5D061048695E}.Debug|Any CPU.ActiveCfg = Debug|Any CPU
		{C0265766-9CBA-45F2-BDC7-5D061048695E}.Debug|Any CPU.Build.0 = Debug|Any CPU
		{C0265766-9CBA-45F2-BDC7-5D061048695E}.Release|Any CPU.ActiveCfg = Release|Any CPU
		{C0265766-9CBA-45F2-BDC7-5D061048695E}.Release|Any CPU.Build.0 = Release|Any CPU
	EndGlobalSection
	GlobalSection(SolutionProperties) = preSolution
		HideSolutionNode = FALSE
	EndGlobalSection
	GlobalSection(ExtensibilityGlobals) = postSolution
		SolutionGuid = {6A9BE6DA-C5CE-4D41-8031-BD85D6ABF1E0}
	EndGlobalSection
EndGlobal
